pyzmq (pyzmq==2.2.0.1)
requests (requests==0.13.9)
dploy-lib (-e git+https://github.com/ravenac95/dploy-lib.git@ba40cde3ee8ac3f7d611a7ba6bf4a089f9facd59#egg=dploy_lib-dev)
  pyzmq (pyzmq==2.2.0.1)
  requests (requests==0.13.9)
  pyyaml (PyYAML==3.10)
ipython (ipython==0.13)
nose (nose==1.1.2)
fudge (fudge==1.0.3)
testkit (testkit==0.1.7)
  fudge (fudge==1.0.3)
mock (mock==1.0b1)
flask (Flask==0.9)
  werkzeug (Werkzeug==0.8.3)
  jinja2 (Jinja2==2.6)
